
Microsoft Visual Studio Solution File, Format Version 12.00
# Visual Studio Version 17
VisualStudioVersion = 17.9.34723.18
MinimumVisualStudioVersion = 10.0.40219.1
Project("{FAE04EC0-301F-11D3-BF4B-00C04F79EFBC}") = "CipherThing", "CipherThing.csproj", "{9839F836-98D9-401E-955F-FB3114F6DAC2}"
EndProject
Global
	GlobalSection(SolutionConfigurationPlatforms) = preSolution
		Debug|Any CPU = Debug|Any CPU
		Release|Any CPU = Release|Any CPU
	EndGlobalSection
	GlobalSection(ProjectConfigurationPlatforms) = postSolution
		{9839F836-98D9-401E-955F-FB3114F6DAC2}.Debug|Any CPU.ActiveCfg = Debug|Any CPU
		{9839F836-98D9-401E-955F-FB3114F6DAC2}.Debug|Any CPU.Build.0 = Debug|Any CPU
		{9839F836-98D9-401E-955F-FB3114F6DAC2}.Release|Any CPU.ActiveCfg = Release|Any CPU
		{9839F836-98D9-401E-955F-FB3114F6DAC2}.Release|Any CPU.Build.0 = Release|Any CPU
	EndGlobalSection
	GlobalSection(SolutionProperties) = preSolution
		HideSolutionNode = FALSE
	EndGlobalSection
	GlobalSection(ExtensibilityGlobals) = postSolution
		SolutionGuid = {7B4B4210-8374-4567-8A0A-CDC0057451F9}
	EndGlobalSection
EndGlobal
